version: 1
checksums:
  63f4c97e43b1d06779a7f553869f769a:
    nav.home: 104a3db3b671c04e167eafbe21e57881
    nav.search: f318b354beee3e39c5469074b978315b
    nav.login: f4f219abeb5a465ecb1c7efaf50246de
    nav.register: 70217f3c73ff414d22893a4f13be84d6
    nav.dashboard: c9380ea68c8c76ea451bd9613329a07c
    nav.logout: 07948fdf20705e04a7bf68ab197512bf
    hero.title: fa1c6884283175c6c712e1d5512800ce
    hero.subtitle: 26159d1374da6142b707f15893ca1d75
    search.placeholder: 2279b8a3a0593f61d84cc547c0da287d
    search.location: 036cbdfe32bbe9ad67b5d06ef6a02a16
    search.button: 49dd6c21604b5e8d4153ff1aff2177e1
    filter.insurance: 9edc905a6874cb81d5ef1dbcba8b5d34
    filter.gender: 1f1b6ff22c68ce7e62817840206a3fd3
    filter.language: 277fd1a41cc237a437cd1d5e4a80463b
    filter.rating: c9fa231054678af1362b7f9c6ab35e23
    filter.distance: da21c7ef349134d25a6a46d3dd48b10f
    insurance.cnss: b547fd92ae851c0534a90621280e8da2
    insurance.ramed: c062588952f715a68fe1498a41816b1a
    insurance.private: d740d0660e68c61db1853489356030ae
    gender.male: dacc05abb80fec62d25522738af8204f
    gender.female: 3141be989b090d33a1502bd88e298942
    language.arabic: 43f71a9477c4bb07960bcd606742e94b
    language.french: b6c77a4e718a978af58895b27731413c
    language.english: e1eeeb379f86a015d6e581fcbc4af7f3
    rating.excellent: 42435a20ca5730e1a338562a9abfcd29
    rating.good: 5cdcc9e72ec03e5a7cf502ba9e41be3c
    rating.average: 52d0eabe4062a1c6f8a1de48c760c9a5
    book.appointment: a3c02b38a803754aa5280c308b1081f7
    view.profile: 74ac7a3d2c5dbfbb6913b08e87a129dd
    reviews.title: 701de5be11a8136f138dcecb6c3c037c
    reviews.write: f50d55de6bde1a1c367a018ecf2f8404
    reviews.verified: 557170538b7d396af7700c3e57a4af34
    login.title: b9fb17fe95bb9e867bd1c9685c635ef8
    login.email: e7f34943a0c2fb849db1839ff6ef5cb5
    login.password: 223a61cf906ab9c40d22612c588dff48
    login.button: ec7b8f314fe9bc6591006707484ede61
    login.register: 6af5cbcc2ac80f783c9a71c40c32e201
    register.title: ca6fff459d2a609246282be825db455c
    register.name: ba3094a10db2bb9234cb7e0dc86e40fd
    register.role: ef5bd4da6f892b49baec674009e324d5
    register.patient: ee39de60589e0c4a4dd7d36c9b2b1e0a
    register.provider: 16005080d0704ec1e818d311160e9db1
    register.button: 3c3c9666b2acc1404eaa89e34e17f946
    register.login: 4ca7dbfb55a5034b61aae08198d922d7
    dashboard.welcome: 4928884739ba559e6e4b960e80fe1452
    dashboard.analytics: ec67586974cc78f25959d47bb36683a7
    dashboard.profile: d7878693f91303a438852d617f6d35df
    dashboard.reviews: cefed931e6d77736bde8f9b8f68607df
    dashboard.appointments: 8455a826fa8380e4692b283a2cfd3551
    footer.patients: 43273855e1a8a4b9f4f0c1656583e9d7
    footer.providers: 84299378ebaa43c0f681e961a57f910d
    footer.partners: e1940177ce0a1dff5b0c601e819c952a
    footer.company: 957981a520ac72256c44e8e7200276d2
    chat.title: 7a28f8854437be3f291d6b618db51b3c
    chat.placeholder: 5963f3fb46509544e94da8eba74491a6
    chatbot.suggestions.findDoctor: 3a2bb208b458795c069c6062e74762fd
    chatbot.suggestions.symptoms: 1fbc284e4f55ac330f9766ba229f4d59
    chatbot.suggestions.emergency: 1ad47aa9cb41501526ba9b55ad62be67
    chatbot.suggestions.appointment: a3c02b38a803754aa5280c308b1081f7
    chatbot.suggestions.insurance: 148eb6a68ba984336ed03b2d010c2b65
    chatbot.suggestions.pharmacy: 16c3c876df4d39e45f345f21f393c734
    chatbot.suggestions.records: e8c4793c1a6223f8c5b0e95e6520bd3e
    chatbot.suggestions.reviews: 6e0c95ebbb1e9700921f99d8154f2bb3
    chatbot.errors.technical: 610adb7a03e164ee373fb037d9dcca16
    chatbot.errors.speechNotSupported: cca13ca90ad2e5e95d2ae744f51a3c1c
    chatbot.transfer.success: 405b456a60292d9a11a30bb4b99aa5fa
    chatbot.emergency.contacts: e88d41312665187bb68edd214c2f6fa5
    chatbot.emergency.call: d51a67a03838a3ab4d15b6ed0df8d17c
    chatbot.location.prompt: aa546d17931e9846aaba20bb1919b9c7
    chatbot.location.confirmation: 78dab6ad83b3c90769a26b65a7bc33a5
    chatbot.location.denied: ca3c4a4b818443ab7ab5aacf97a512d1
